
Microsoft Visual Studio Solution File, Format Version 12.00
# Visual Studio 15
Project("{FAE04EC0-301F-11D3-BF4B-00C04F79EFBC}") = "Assembly-CSharp", "Assembly-CSharp.csproj", "{EED41B0E-E7C5-0C10-AD29-E2B3CCA5EC30}"
EndProject
Project("{FAE04EC0-301F-11D3-BF4B-00C04F79EFBC}") = "Assembly-CSharp-Editor", "Assembly-CSharp-Editor.csproj", "{171F2B76-9453-862A-B015-49AF3C043161}"
EndProject
Global
	GlobalSection(SolutionConfigurationPlatforms) = preSolution
		Debug|Any CPU = Debug|Any CPU
		Release|Any CPU = Release|Any CPU
	EndGlobalSection
	GlobalSection(ProjectConfigurationPlatforms) = postSolution
		{EED41B0E-E7C5-0C10-AD29-E2B3CCA5EC30}.Debug|Any CPU.ActiveCfg = Debug|Any CPU
		{EED41B0E-E7C5-0C10-AD29-E2B3CCA5EC30}.Debug|Any CPU.Build.0 = Debug|Any CPU
		{EED41B0E-E7C5-0C10-AD29-E2B3CCA5EC30}.Release|Any CPU.ActiveCfg = Release|Any CPU
		{EED41B0E-E7C5-0C10-AD29-E2B3CCA5EC30}.Release|Any CPU.Build.0 = Release|Any CPU
		{171F2B76-9453-862A-B015-49AF3C043161}.Debug|Any CPU.ActiveCfg = Debug|Any CPU
		{171F2B76-9453-862A-B015-49AF3C043161}.Debug|Any CPU.Build.0 = Debug|Any CPU
		{171F2B76-9453-862A-B015-49AF3C043161}.Release|Any CPU.ActiveCfg = Release|Any CPU
		{171F2B76-9453-862A-B015-49AF3C043161}.Release|Any CPU.Build.0 = Release|Any CPU
	EndGlobalSection
	GlobalSection(SolutionProperties) = preSolution
		HideSolutionNode = FALSE
	EndGlobalSection
EndGlobal
